
Microsoft Visual Studio Solution File, Format Version 12.00
# Visual Studio Version 16
VisualStudioVersion = 16.0.31613.86
MinimumVisualStudioVersion = 10.0.40219.1
Project("{9A19103F-16F7-4668-BE54-9A1E7A4F7556}") = "TestService.API", "FundTransfer\TestService.API.csproj", "{6ED2DFAB-3090-4ECA-B56C-FEA4A6DA3A5C}"
EndProject
Project("{9A19103F-16F7-4668-BE54-9A1E7A4F7556}") = "TestService.Core", "FundTransfer.Core\TestService.Core.csproj", "{C27BFC4A-0B6B-49EF-BF36-C86362F20BB5}"
EndProject
Project("{9A19103F-16F7-4668-BE54-9A1E7A4F7556}") = "TestService.Infrastructure", "FundTransfer.Infrastructure\TestService.Infrastructure.csproj", "{3DDA8314-2102-4BD0-962F-D671D91CCD3B}"
EndProject
Project("{2150E333-8FDC-42A3-9474-1A3956D46DE8}") = "Presentation", "Presentation", "{F74BAC49-C901-40CB-8B96-51B82BA7FC52}"
EndProject
Project("{2150E333-8FDC-42A3-9474-1A3956D46DE8}") = "Core", "Core", "{73A67830-7F06-4FD8-BDE8-94007626DD7C}"
EndProject
Project("{2150E333-8FDC-42A3-9474-1A3956D46DE8}") = "Infrastructure", "Infrastructure", "{579D1B9E-3CD4-4774-A54E-BFFBA493F1D8}"
EndProject
Global
	GlobalSection(SolutionConfigurationPlatforms) = preSolution
		Debug|Any CPU = Debug|Any CPU
		Release|Any CPU = Release|Any CPU
	EndGlobalSection
	GlobalSection(ProjectConfigurationPlatforms) = postSolution
		{6ED2DFAB-3090-4ECA-B56C-FEA4A6DA3A5C}.Debug|Any CPU.ActiveCfg = Debug|Any CPU
		{6ED2DFAB-3090-4ECA-B56C-FEA4A6DA3A5C}.Debug|Any CPU.Build.0 = Debug|Any CPU
		{6ED2DFAB-3090-4ECA-B56C-FEA4A6DA3A5C}.Release|Any CPU.ActiveCfg = Release|Any CPU
		{6ED2DFAB-3090-4ECA-B56C-FEA4A6DA3A5C}.Release|Any CPU.Build.0 = Release|Any CPU
		{C27BFC4A-0B6B-49EF-BF36-C86362F20BB5}.Debug|Any CPU.ActiveCfg = Debug|Any CPU
		{C27BFC4A-0B6B-49EF-BF36-C86362F20BB5}.Debug|Any CPU.Build.0 = Debug|Any CPU
		{C27BFC4A-0B6B-49EF-BF36-C86362F20BB5}.Release|Any CPU.ActiveCfg = Release|Any CPU
		{C27BFC4A-0B6B-49EF-BF36-C86362F20BB5}.Release|Any CPU.Build.0 = Release|Any CPU
		{3DDA8314-2102-4BD0-962F-D671D91CCD3B}.Debug|Any CPU.ActiveCfg = Debug|Any CPU
		{3DDA8314-2102-4BD0-962F-D671D91CCD3B}.Debug|Any CPU.Build.0 = Debug|Any CPU
		{3DDA8314-2102-4BD0-962F-D671D91CCD3B}.Release|Any CPU.ActiveCfg = Release|Any CPU
		{3DDA8314-2102-4BD0-962F-D671D91CCD3B}.Release|Any CPU.Build.0 = Release|Any CPU
	EndGlobalSection
	GlobalSection(SolutionProperties) = preSolution
		HideSolutionNode = FALSE
	EndGlobalSection
	GlobalSection(NestedProjects) = preSolution
		{6ED2DFAB-3090-4ECA-B56C-FEA4A6DA3A5C} = {F74BAC49-C901-40CB-8B96-51B82BA7FC52}
		{C27BFC4A-0B6B-49EF-BF36-C86362F20BB5} = {73A67830-7F06-4FD8-BDE8-94007626DD7C}
		{3DDA8314-2102-4BD0-962F-D671D91CCD3B} = {579D1B9E-3CD4-4774-A54E-BFFBA493F1D8}
	EndGlobalSection
	GlobalSection(ExtensibilityGlobals) = postSolution
		SolutionGuid = {EAEC4FF1-A07C-4430-9B69-52A35335D616}
	EndGlobalSection
EndGlobal
